NeoBundleLock molokai db8ce13b3737d3ddea8368498183d7c204a762eb
NeoBundleLock neomru.vim 4a7bc7c769a9bf1a64046808c00545c77ab582ea
NeoBundleLock grep.vim 852ddb0c6590bbc41c508d7f5d2fc17112492def
NeoBundleLock nerdtree 4f1e6ecb057fc0bac189171c1430d71ef25f6bb1
NeoBundleLock neobundle.vim 816d21d99a071cc86ba2ffbb4679dde3b764bed7
NeoBundleLock syntastic 1327780c5c182f47296733d09dda31a086171498
NeoBundleLock emmet-vim 485abffe6c124153481058c82c3e0db28ef33f22
NeoBundleLock unite.vim b04e14958d0d7276dcb363f613a4ad331b4c4fc9
NeoBundleLock vim-autoclose a9a3b7384657bc1f60a963fd6c08c63fc48d61c3
NeoBundleLock vim-powerline 114f8e5c204f1cac9b2443065910fa182de39fb8
